// !$*UTF8*$!
{
	archiveVersion = 1;
	classes = {
	};
	objectVersion = 46;
	objects = {

/* Begin PBXBuildFile section */
		5608DADB19045FB0002BE613 /* Foundation.framework in Frameworks */ = {isa = PBXBuildFile; fileRef = 5608DADA19045FB0002BE613 /* Foundation.framework */; };
		5608DADD19045FB0002BE613 /* CoreGraphics.framework in Frameworks */ = {isa = PBXBuildFile; fileRef = 5608DADC19045FB0002BE613 /* CoreGraphics.framework */; };
		5608DADF19045FB0002BE613 /* UIKit.framework in Frameworks */ = {isa = PBXBuildFile; fileRef = 5608DADE19045FB0002BE613 /* UIKit.framework */; };
		5608DAE519045FB0002BE613 /* InfoPlist.strings in Resources */ = {isa = PBXBuildFile; fileRef = 5608DAE319045FB0002BE613 /* InfoPlist.strings */; };
		5608DAE719045FB0002BE613 /* main.m in Sources */ = {isa = PBXBuildFile; fileRef = 5608DAE619045FB0002BE613 /* main.m */; };
		5608DAEB19045FB0002BE613 /* AppDelegate.m in Sources */ = {isa = PBXBuildFile; fileRef = 5608DAEA19045FB0002BE613 /* AppDelegate.m */; };
		5608DAEE19045FB0002BE613 /* Main.storyboard in Resources */ = {isa = PBXBuildFile; fileRef = 5608DAEC19045FB0002BE613 /* Main.storyboard */; };
		5608DAF119045FB0002BE613 /* ViewController.m in Sources */ = {isa = PBXBuildFile; fileRef = 5608DAF019045FB0002BE613 /* ViewController.m */; };
		5608DAF319045FB0002BE613 /* Images.xcassets in Resources */ = {isa = PBXBuildFile; fileRef = 5608DAF219045FB0002BE613 /* Images.xcassets */; };
		5608DAFA19045FB0002BE613 /* XCTest.framework in Frameworks */ = {isa = PBXBuildFile; fileRef = 5608DAF919045FB0002BE613 /* XCTest.framework */; };
		5608DAFB19045FB0002BE613 /* Foundation.framework in Frameworks */ = {isa = PBXBuildFile; fileRef = 5608DADA19045FB0002BE613 /* Foundation.framework */; };
		5608DAFC19045FB0002BE613 /* UIKit.framework in Frameworks */ = {isa = PBXBuildFile; fileRef = 5608DADE19045FB0002BE613 /* UIKit.framework */; };
		5608DB0419045FB0002BE613 /* InfoPlist.strings in Resources */ = {isa = PBXBuildFile; fileRef = 5608DB0219045FB0002BE613 /* InfoPlist.strings */; };
		5608DB0619045FB0002BE613 /* ChatsTests.m in Sources */ = {isa = PBXBuildFile; fileRef = 5608DB0519045FB0002BE613 /* ChatsTests.m */; };
		5608DB1019045FE1002BE613 /* MultipeerConnectivity.framework in Frameworks */ = {isa = PBXBuildFile; fileRef = 5608DB0F19045FE1002BE613 /* MultipeerConnectivity.framework */; };
/* End PBXBuildFile section */

/* Begin PBXContainerItemProxy section */
		5608DAFD19045FB0002BE613 /* PBXContainerItemProxy */ = {
			isa = PBXContainerItemProxy;
			containerPortal = 5608DACF19045FB0002BE613 /* Project object */;
			proxyType = 1;
			remoteGlobalIDString = 5608DAD619045FB0002BE613;
			remoteInfo = Chats;
		};
/* End PBXContainerItemProxy section */

/* Begin PBXFileReference section */
		5608DAD719045FB0002BE613 /* Chats.app */ = {isa = PBXFileReference; explicitFileType = wrapper.application; includeInIndex = 0; path = Chats.app; sourceTree = BUILT_PRODUCTS_DIR; };
		5608DADA19045FB0002BE613 /* Foundation.framework */ = {isa = PBXFileReference; lastKnownFileType = wrapper.framework; name = Foundation.framework; path = System/Library/Frameworks/Foundation.framework; sourceTree = SDKROOT; };
		5608DADC19045FB0002BE613 /* CoreGraphics.framework */ = {isa = PBXFileReference; lastKnownFileType = wrapper.framework; name = CoreGraphics.framework; path = System/Library/Frameworks/CoreGraphics.framework; sourceTree = SDKROOT; };
		5608DADE19045FB0002BE613 /* UIKit.framework */ = {isa = PBXFileReference; lastKnownFileType = wrapper.framework; name = UIKit.framework; path = System/Library/Frameworks/UIKit.framework; sourceTree = SDKROOT; };
		5608DAE219045FB0002BE613 /* Chats-Info.plist */ = {isa = PBXFileReference; lastKnownFileType = text.plist.xml; path = "Chats-Info.plist"; sourceTree = "<group>"; };
		5608DAE419045FB0002BE613 /* en */ = {isa = PBXFileReference; lastKnownFileType = text.plist.strings; name = en; path = en.lproj/InfoPlist.strings; sourceTree = "<group>"; };
		5608DAE619045FB0002BE613 /* main.m */ = {isa = PBXFileReference; lastKnownFileType = sourcecode.c.objc; path = main.m; sourceTree = "<group>"; };
		5608DAE819045FB0002BE613 /* Chats-Prefix.pch */ = {isa = PBXFileReference; lastKnownFileType = sourcecode.c.h; path = "Chats-Prefix.pch"; sourceTree = "<group>"; };
		5608DAE919045FB0002BE613 /* AppDelegate.h */ = {isa = PBXFileReference; lastKnownFileType = sourcecode.c.h; path = AppDelegate.h; sourceTree = "<group>"; };
		5608DAEA19045FB0002BE613 /* AppDelegate.m */ = {isa = PBXFileReference; lastKnownFileType = sourcecode.c.objc; path = AppDelegate.m; sourceTree = "<group>"; };
		5608DAED19045FB0002BE613 /* Base */ = {isa = PBXFileReference; lastKnownFileType = file.storyboard; name = Base; path = Base.lproj/Main.storyboard; sourceTree = "<group>"; };
		5608DAEF19045FB0002BE613 /* ViewController.h */ = {isa = PBXFileReference; lastKnownFileType = sourcecode.c.h; path = ViewController.h; sourceTree = "<group>"; };
		5608DAF019045FB0002BE613 /* ViewController.m */ = {isa = PBXFileReference; lastKnownFileType = sourcecode.c.objc; path = ViewController.m; sourceTree = "<group>"; };
		5608DAF219045FB0002BE613 /* Images.xcassets */ = {isa = PBXFileReference; lastKnownFileType = folder.assetcatalog; path = Images.xcassets; sourceTree = "<group>"; };
		5608DAF819045FB0002BE613 /* ChatsTests.xctest */ = {isa = PBXFileReference; explicitFileType = wrapper.cfbundle; includeInIndex = 0; path = ChatsTests.xctest; sourceTree = BUILT_PRODUCTS_DIR; };
		5608DAF919045FB0002BE613 /* XCTest.framework */ = {isa = PBXFileReference; lastKnownFileType = wrapper.framework; name = XCTest.framework; path = Library/Frameworks/XCTest.framework; sourceTree = DEVELOPER_DIR; };
		5608DB0119045FB0002BE613 /* ChatsTests-Info.plist */ = {isa = PBXFileReference; lastKnownFileType = text.plist.xml; path = "ChatsTests-Info.plist"; sourceTree = "<group>"; };
		5608DB0319045FB0002BE613 /* en */ = {isa = PBXFileReference; lastKnownFileType = text.plist.strings; name = en; path = en.lproj/InfoPlist.strings; sourceTree = "<group>"; };
		5608DB0519045FB0002BE613 /* ChatsTests.m */ = {isa = PBXFileReference; lastKnownFileType = sourcecode.c.objc; path = ChatsTests.m; sourceTree = "<group>"; };
		5608DB0F19045FE1002BE613 /* MultipeerConnectivity.framework */ = {isa = PBXFileReference; lastKnownFileType = wrapper.framework; name = MultipeerConnectivity.framework; path = System/Library/Frameworks/MultipeerConnectivity.framework; sourceTree = SDKROOT; };
/* End PBXFileReference section */

/* Begin PBXFrameworksBuildPhase section */
		5608DAD419045FB0002BE613 /* Frameworks */ = {
			isa = PBXFrameworksBuildPhase;
			buildActionMask = 2147483647;
			files = (
				5608DB1019045FE1002BE613 /* MultipeerConnectivity.framework in Frameworks */,
				5608DADD19045FB0002BE613 /* CoreGraphics.framework in Frameworks */,
				5608DADF19045FB0002BE613 /* UIKit.framework in Frameworks */,
				5608DADB19045FB0002BE613 /* Foundation.framework in Frameworks */,
			);
			runOnlyForDeploymentPostprocessing = 0;
		};
		5608DAF519045FB0002BE613 /* Frameworks */ = {
			isa = PBXFrameworksBuildPhase;
			buildActionMask = 2147483647;
			files = (
				5608DAFA19045FB0002BE613 /* XCTest.framework in Frameworks */,
				5608DAFC19045FB0002BE613 /* UIKit.framework in Frameworks */,
				5608DAFB19045FB0002BE613 /* Foundation.framework in Frameworks */,
			);
			runOnlyForDeploymentPostprocessing = 0;
		};
/* End PBXFrameworksBuildPhase section */

/* Begin PBXGroup section */
		5608DACE19045FB0002BE613 = {
			isa = PBXGroup;
			children = (
				5608DAE019045FB0002BE613 /* Chats */,
				5608DAFF19045FB0002BE613 /* ChatsTests */,
				5608DAD919045FB0002BE613 /* Frameworks */,
				5608DAD819045FB0002BE613 /* Products */,
			);
			sourceTree = "<group>";
		};
		5608DAD819045FB0002BE613 /* Products */ = {
			isa = PBXGroup;
			children = (
				5608DAD719045FB0002BE613 /* Chats.app */,
				5608DAF819045FB0002BE613 /* ChatsTests.xctest */,
			);
			name = Products;
			sourceTree = "<group>";
		};
		5608DAD919045FB0002BE613 /* Frameworks */ = {
			isa = PBXGroup;
			children = (
				5608DB0F19045FE1002BE613 /* MultipeerConnectivity.framework */,
				5608DADA19045FB0002BE613 /* Foundation.framework */,
				5608DADC19045FB0002BE613 /* CoreGraphics.framework */,
				5608DADE19045FB0002BE613 /* UIKit.framework */,
				5608DAF919045FB0002BE613 /* XCTest.framework */,
			);
			name = Frameworks;
			sourceTree = "<group>";
		};
		5608DAE019045FB0002BE613 /* Chats */ = {
			isa = PBXGroup;
			children = (
				5608DAE919045FB0002BE613 /* AppDelegate.h */,
				5608DAEA19045FB0002BE613 /* AppDelegate.m */,
				5608DAEC19045FB0002BE613 /* Main.storyboard */,
				5608DAEF19045FB0002BE613 /* ViewController.h */,
				5608DAF019045FB0002BE613 /* ViewController.m */,
				5608DAF219045FB0002BE613 /* Images.xcassets */,
				5608DAE119045FB0002BE613 /* Supporting Files */,
			);
			path = Chats;
			sourceTree = "<group>";
		};
		5608DAE119045FB0002BE613 /* Supporting Files */ = {
			isa = PBXGroup;
			children = (
				5608DAE219045FB0002BE613 /* Chats-Info.plist */,
				5608DAE319045FB0002BE613 /* InfoPlist.strings */,
				5608DAE619045FB0002BE613 /* main.m */,
				5608DAE819045FB0002BE613 /* Chats-Prefix.pch */,
			);
			name = "Supporting Files";
			sourceTree = "<group>";
		};
		5608DAFF19045FB0002BE613 /* ChatsTests */ = {
			isa = PBXGroup;
			children = (
				5608DB0519045FB0002BE613 /* ChatsTests.m */,
				5608DB0019045FB0002BE613 /* Supporting Files */,
			);
			path = ChatsTests;
			sourceTree = "<group>";
		};
		5608DB0019045FB0002BE613 /* Supporting Files */ = {
			isa = PBXGroup;
			children = (
				5608DB0119045FB0002BE613 /* ChatsTests-Info.plist */,
				5608DB0219045FB0002BE613 /* InfoPlist.strings */,
			);
			name = "Supporting Files";
			sourceTree = "<group>";
		};
/* End PBXGroup section */

/* Begin PBXNativeTarget section */
		5608DAD619045FB0002BE613 /* Chats */ = {
			isa = PBXNativeTarget;
			buildConfigurationList = 5608DB0919045FB0002BE613 /* Build configuration list for PBXNativeTarget "Chats" */;
			buildPhases = (
				5608DAD319045FB0002BE613 /* Sources */,
				5608DAD419045FB0002BE613 /* Frameworks */,
				5608DAD519045FB0002BE613 /* Resources */,
			);
			buildRules = (
			);
			dependencies = (
			);
			name = Chats;
			productName = Chats;
			productReference = 5608DAD719045FB0002BE613 /* Chats.app */;
			productType = "com.apple.product-type.application";
		};
		5608DAF719045FB0002BE613 /* ChatsTests */ = {
			isa = PBXNativeTarget;
			buildConfigurationList = 5608DB0C19045FB0002BE613 /* Build configuration list for PBXNativeTarget "ChatsTests" */;
			buildPhases = (
				5608DAF419045FB0002BE613 /* Sources */,
				5608DAF519045FB0002BE613 /* Frameworks */,
				5608DAF619045FB0002BE613 /* Resources */,
			);
			buildRules = (
			);
			dependencies = (
				5608DAFE19045FB0002BE613 /* PBXTargetDependency */,
			);
			name = ChatsTests;
			productName = ChatsTests;
			productReference = 5608DAF819045FB0002BE613 /* ChatsTests.xctest */;
			productType = "com.apple.product-type.bundle.unit-test";
		};
/* End PBXNativeTarget section */

/* Begin PBXProject section */
		5608DACF19045FB0002BE613 /* Project object */ = {
			isa = PBXProject;
			attributes = {
				LastUpgradeCheck = 0510;
				ORGANIZATIONNAME = MobileMakers;
				TargetAttributes = {
					5608DAF719045FB0002BE613 = {
						TestTargetID = 5608DAD619045FB0002BE613;
					};
				};
			};
			buildConfigurationList = 5608DAD219045FB0002BE613 /* Build configuration list for PBXProject "Chats" */;
			compatibilityVersion = "Xcode 3.2";
			developmentRegion = English;
			hasScannedForEncodings = 0;
			knownRegions = (
				en,
				Base,
			);
			mainGroup = 5608DACE19045FB0002BE613;
			productRefGroup = 5608DAD819045FB0002BE613 /* Products */;
			projectDirPath = "";
			projectRoot = "";
			targets = (
				5608DAD619045FB0002BE613 /* Chats */,
				5608DAF719045FB0002BE613 /* ChatsTests */,
			);
		};
/* End PBXProject section */

/* Begin PBXResourcesBuildPhase section */
		5608DAD519045FB0002BE613 /* Resources */ = {
			isa = PBXResourcesBuildPhase;
			buildActionMask = 2147483647;
			files = (
				5608DAF319045FB0002BE613 /* Images.xcassets in Resources */,
				5608DAE519045FB0002BE613 /* InfoPlist.strings in Resources */,
				5608DAEE19045FB0002BE613 /* Main.storyboard in Resources */,
			);
			runOnlyForDeploymentPostprocessing = 0;
		};
		5608DAF619045FB0002BE613 /* Resources */ = {
			isa = PBXResourcesBuildPhase;
			buildActionMask = 2147483647;
			files = (
				5608DB0419045FB0002BE613 /* InfoPlist.strings in Resources */,
			);
			runOnlyForDeploymentPostprocessing = 0;
		};
/* End PBXResourcesBuildPhase section */

/* Begin PBXSourcesBuildPhase section */
		5608DAD319045FB0002BE613 /* Sources */ = {
			isa = PBXSourcesBuildPhase;
			buildActionMask = 2147483647;
			files = (
				5608DAF119045FB0002BE613 /* ViewController.m in Sources */,
				5608DAEB19045FB0002BE613 /* AppDelegate.m in Sources */,
				5608DAE719045FB0002BE613 /* main.m in Sources */,
			);
			runOnlyForDeploymentPostprocessing = 0;
		};
		5608DAF419045FB0002BE613 /* Sources */ = {
			isa = PBXSourcesBuildPhase;
			buildActionMask = 2147483647;
			files = (
				5608DB0619045FB0002BE613 /* ChatsTests.m in Sources */,
			);
			runOnlyForDeploymentPostprocessing = 0;
		};
/* End PBXSourcesBuildPhase section */

/* Begin PBXTargetDependency section */
		5608DAFE19045FB0002BE613 /* PBXTargetDependency */ = {
			isa = PBXTargetDependency;
			target = 5608DAD619045FB0002BE613 /* Chats */;
			targetProxy = 5608DAFD19045FB0002BE613 /* PBXContainerItemProxy */;
		};
/* End PBXTargetDependency section */

/* Begin PBXVariantGroup section */
		5608DAE319045FB0002BE613 /* InfoPlist.strings */ = {
			isa = PBXVariantGroup;
			children = (
				5608DAE419045FB0002BE613 /* en */,
			);
			name = InfoPlist.strings;
			sourceTree = "<group>";
		};
		5608DAEC19045FB0002BE613 /* Main.storyboard */ = {
			isa = PBXVariantGroup;
			children = (
				5608DAED19045FB0002BE613 /* Base */,
			);
			name = Main.storyboard;
			sourceTree = "<group>";
		};
		5608DB0219045FB0002BE613 /* InfoPlist.strings */ = {
			isa = PBXVariantGroup;
			children = (
				5608DB0319045FB0002BE613 /* en */,
			);
			name = InfoPlist.strings;
			sourceTree = "<group>";
		};
/* End PBXVariantGroup section */

/* Begin XCBuildConfiguration section */
		5608DB0719045FB0002BE613 /* Debug */ = {
			isa = XCBuildConfiguration;
			buildSettings = {
				ALWAYS_SEARCH_USER_PATHS = NO;
				CLANG_CXX_LANGUAGE_STANDARD = "gnu++0x";
				CLANG_CXX_LIBRARY = "libc++";
				CLANG_ENABLE_MODULES = YES;
				CLANG_ENABLE_OBJC_ARC = YES;
				CLANG_WARN_BOOL_CONVERSION = YES;
				CLANG_WARN_CONSTANT_CONVERSION = YES;
				CLANG_WARN_DIRECT_OBJC_ISA_USAGE = YES_ERROR;
				CLANG_WARN_EMPTY_BODY = YES;
				CLANG_WARN_ENUM_CONVERSION = YES;
				CLANG_WARN_INT_CONVERSION = YES;
				CLANG_WARN_OBJC_ROOT_CLASS = YES_ERROR;
				CLANG_WARN__DUPLICATE_METHOD_MATCH = YES;
				"CODE_SIGN_IDENTITY[sdk=iphoneos*]" = "iPhone Developer";
				COPY_PHASE_STRIP = NO;
				GCC_C_LANGUAGE_STANDARD = gnu99;
				GCC_DYNAMIC_NO_PIC = NO;
				GCC_OPTIMIZATION_LEVEL = 0;
				GCC_PREPROCESSOR_DEFINITIONS = (
					"DEBUG=1",
					"$(inherited)",
				);
				GCC_SYMBOLS_PRIVATE_EXTERN = NO;
				GCC_WARN_64_TO_32_BIT_CONVERSION = YES;
				GCC_WARN_ABOUT_RETURN_TYPE = YES_ERROR;
				GCC_WARN_UNDECLARED_SELECTOR = YES;
				GCC_WARN_UNINITIALIZED_AUTOS = YES_AGGRESSIVE;
				GCC_WARN_UNUSED_FUNCTION = YES;
				GCC_WARN_UNUSED_VARIABLE = YES;
				IPHONEOS_DEPLOYMENT_TARGET = 7.1;
				ONLY_ACTIVE_ARCH = YES;
				SDKROOT = iphoneos;
			};
			name = Debug;
		};
		5608DB0819045FB0002BE613 /* Release */ = {
			isa = XCBuildConfiguration;
			buildSettings = {
				ALWAYS_SEARCH_USER_PATHS = NO;
				CLANG_CXX_LANGUAGE_STANDARD = "gnu++0x";
				CLANG_CXX_LIBRARY = "libc++";
				CLANG_ENABLE_MODULES = YES;
				CLANG_ENABLE_OBJC_ARC = YES;
				CLANG_WARN_BOOL_CONVERSION = YES;
				CLANG_WARN_CONSTANT_CONVERSION = YES;
				CLANG_WARN_DIRECT_OBJC_ISA_USAGE = YES_ERROR;
				CLANG_WARN_EMPTY_BODY = YES;
				CLANG_WARN_ENUM_CONVERSION = YES;
				CLANG_WARN_INT_CONVERSION = YES;
				CLANG_WARN_OBJC_ROOT_CLASS = YES_ERROR;
				CLANG_WARN__DUPLICATE_METHOD_MATCH = YES;
				"CODE_SIGN_IDENTITY[sdk=iphoneos*]" = "iPhone Developer";
				COPY_PHASE_STRIP = YES;
				ENABLE_NS_ASSERTIONS = NO;
				GCC_C_LANGUAGE_STANDARD = gnu99;
				GCC_WARN_64_TO_32_BIT_CONVERSION = YES;
				GCC_WARN_ABOUT_RETURN_TYPE = YES_ERROR;
				GCC_WARN_UNDECLARED_SELECTOR = YES;
				GCC_WARN_UNINITIALIZED_AUTOS = YES_AGGRESSIVE;
				GCC_WARN_UNUSED_FUNCTION = YES;
				GCC_WARN_UNUSED_VARIABLE = YES;
				IPHONEOS_DEPLOYMENT_TARGET = 7.1;
				SDKROOT = iphoneos;
				VALIDATE_PRODUCT = YES;
			};
			name = Release;
		};
		5608DB0A19045FB0002BE613 /* Debug */ = {
			isa = XCBuildConfiguration;
			buildSettings = {
				ASSETCATALOG_COMPILER_APPICON_NAME = AppIcon;
				ASSETCATALOG_COMPILER_LAUNCHIMAGE_NAME = LaunchImage;
				GCC_PRECOMPILE_PREFIX_HEADER = YES;
				GCC_PREFIX_HEADER = "Chats/Chats-Prefix.pch";
				INFOPLIST_FILE = "Chats/Chats-Info.plist";
				PRODUCT_NAME = "$(TARGET_NAME)";
				WRAPPER_EXTENSION = app;
			};
			name = Debug;
		};
		5608DB0B19045FB0002BE613 /* Release */ = {
			isa = XCBuildConfiguration;
			buildSettings = {
				ASSETCATALOG_COMPILER_APPICON_NAME = AppIcon;
				ASSETCATALOG_COMPILER_LAUNCHIMAGE_NAME = LaunchImage;
				GCC_PRECOMPILE_PREFIX_HEADER = YES;
				GCC_PREFIX_HEADER = "Chats/Chats-Prefix.pch";
				INFOPLIST_FILE = "Chats/Chats-Info.plist";
				PRODUCT_NAME = "$(TARGET_NAME)";
				WRAPPER_EXTENSION = app;
			};
			name = Release;
		};
		5608DB0D19045FB0002BE613 /* Debug */ = {
			isa = XCBuildConfiguration;
			buildSettings = {
				BUNDLE_LOADER = "$(BUILT_PRODUCTS_DIR)/Chats.app/Chats";
				FRAMEWORK_SEARCH_PATHS = (
					"$(SDKROOT)/Developer/Library/Frameworks",
					"$(inherited)",
					"$(DEVELOPER_FRAMEWORKS_DIR)",
				);
				GCC_PRECOMPILE_PREFIX_HEADER = YES;
				GCC_PREFIX_HEADER = "Chats/Chats-Prefix.pch";
				GCC_PREPROCESSOR_DEFINITIONS = (
					"DEBUG=1",
					"$(inherited)",
				);
				INFOPLIST_FILE = "ChatsTests/ChatsTests-Info.plist";
				PRODUCT_NAME = "$(TARGET_NAME)";
				TEST_HOST = "$(BUNDLE_LOADER)";
				WRAPPER_EXTENSION = xctest;
			};
			name = Debug;
		};
		5608DB0E19045FB0002BE613 /* Release */ = {
			isa = XCBuildConfiguration;
			buildSettings = {
				BUNDLE_LOADER = "$(BUILT_PRODUCTS_DIR)/Chats.app/Chats";
				FRAMEWORK_SEARCH_PATHS = (
					"$(SDKROOT)/Developer/Library/Frameworks",
					"$(inherited)",
					"$(DEVELOPER_FRAMEWORKS_DIR)",
				);
				GCC_PRECOMPILE_PREFIX_HEADER = YES;
				GCC_PREFIX_HEADER = "Chats/Chats-Prefix.pch";
				INFOPLIST_FILE = "ChatsTests/ChatsTests-Info.plist";
				PRODUCT_NAME = "$(TARGET_NAME)";
				TEST_HOST = "$(BUNDLE_LOADER)";
				WRAPPER_EXTENSION = xctest;
			};
			name = Release;
		};
/* End XCBuildConfiguration section */

/* Begin XCConfigurationList section */
		5608DAD219045FB0002BE613 /* Build configuration list for PBXProject "Chats" */ = {
			isa = XCConfigurationList;
			buildConfigurations = (
				5608DB0719045FB0002BE613 /* Debug */,
				5608DB0819045FB0002BE613 /* Release */,
			);
			defaultConfigurationIsVisible = 0;
			defaultConfigurationName = Release;
		};
		5608DB0919045FB0002BE613 /* Build configuration list for PBXNativeTarget "Chats" */ = {
			isa = XCConfigurationList;
			buildConfigurations = (
				5608DB0A19045FB0002BE613 /* Debug */,
				5608DB0B19045FB0002BE613 /* Release */,
			);
			defaultConfigurationIsVisible = 0;
		};
		5608DB0C19045FB0002BE613 /* Build configuration list for PBXNativeTarget "ChatsTests" */ = {
			isa = XCConfigurationList;
			buildConfigurations = (
				5608DB0D19045FB0002BE613 /* Debug */,
				5608DB0E19045FB0002BE613 /* Release */,
			);
			defaultConfigurationIsVisible = 0;
		};
/* End XCConfigurationList section */
	};
	rootObject = 5608DACF19045FB0002BE613 /* Project object */;
}
